lockVersion: 2.0.0
id: 11fa8266-8454-49fd-ba7b-d5f8744980cc
management:
  docChecksum: aac86d2c11d9924e7eac79fed1a3745e
  docVersion: "1.3"
  speakeasyVersion: 1.759.3
  generationVersion: 2.869.25
  releaseVersion: 0.9.2
  configChecksum: 6d0f4a3069891a8f9185d3210ba5f4c5
  repoURL: https://github.com/unclesp1d3r/cipherswarm-agent-sdk-go.git
  installationURL: https://github.com/unclesp1d3r/cipherswarm-agent-sdk-go
persistentEdits:
  generation_id: 0ecc3d70-2d3d-4c23-9b3d-90265d123cda
  pristine_commit_hash: f1080ae136998d18820c72b1968d4ec89b7c9634
  pristine_tree_hash: 758a48ace5c0f44180c65ce97a1ef2af08d071f5
features:
  go:
    additionalDependencies: 0.1.0
    additionalProperties: 0.1.2
    constsAndDefaults: 0.1.14
    core: 3.13.40
    defaultEnabledRetries: 0.2.0
    downloadStreams: 0.1.2
    envVarSecurityUsage: 0.3.2
    flattening: 2.81.2
    globalSecurity: 2.82.13
    globalSecurityCallbacks: 0.1.0
    globalSecurityFlattening: 0.1.0
    globalServerURLs: 2.83.1
    intellisenseMarkdownSupport: 0.1.0
    nullables: 0.2.1
    responseFormat: 0.1.2
    retries: 2.84.2
    sdkHooks: 0.3.0
trackedFiles:
  .gitattributes:
    id: 24139dae6567
    last_write_checksum: sha1:84b0115789fc3ea52e31df701d8a27f76077e29f
    pristine_git_object: e6a994416d0f527912d2d272e2583458f4fc9bcb
  USAGE.md:
    id: 3aed33ce6e6f
    last_write_checksum: sha1:3867bdab20bf33b44f76edd1e520bafaa1a57c4d
    pristine_git_object: 04c8fe141209508e2682503d69fbc1c88eedab22
  agents.go:
    id: 148cd435d94c
    last_write_checksum: sha1:f97b7d04f3597b82bee7cfda0ba8f2a639251d2b
    pristine_git_object: dc6fa07bf9b9e0ddf51ebe8a906906c665f9f88a
  attacks.go:
    id: 05dd3209e0ab
    last_write_checksum: sha1:f1603933dfe7ced759c1934c153f58cdbd117024
    pristine_git_object: 61b30c783066be98e375407cc577a81d412d9b6d
  cipherswarmagentsdk.go:
    id: 07222da1654d
    last_write_checksum: sha1:3b07960cee2c8f17aa2ecba3fac0786f571883c5
    pristine_git_object: 47932f6ab96a30d9d9326ec78c429a8dd5d7cc66
  client.go:
    id: d633516feaf9
    last_write_checksum: sha1:134846fcd5fc98134173834c9156b2601159022b
    pristine_git_object: 29618bd005c755bef263b8dce5321d2fc82ad256
  docs/models/components/advancedagentconfiguration.md:
    id: 53ffaf246e18
    last_write_checksum: sha1:13e831723a0d413a7a9e716b07aca57b71f9245e
    pristine_git_object: de4953870ba5ab9c6df70a56a527853db53e53f4
  docs/models/components/agent.md:
    id: 6680edc7a638
    last_write_checksum: sha1:1e1b4c10f2be3d5ba2fe5264df4461c777f39398
    pristine_git_object: cba45b4f923a1896eb48d333d7c6ca58a5f2e2c3
  docs/models/components/agentheartbeatrequest.md:
    id: 9fa7ecd18201
    last_write_checksum: sha1:6f101cd5a7367eec8053ee4b940621f59e007e04
    pristine_git_object: 46117973896f7dd097c1d81033b13bd6163e861a
  docs/models/components/attack.md:
    id: ed54074f865b
    last_write_checksum: sha1:ac50b08f76b82252e7b4ec9e8b038b0cddbe8f04
    pristine_git_object: 8d9a64b24d2fd8c760e59bf278e1f192fedeec25
  docs/models/components/attackmode.md:
    id: 61f75e24786b
    last_write_checksum: sha1:82841a1d6a69801a0e3bb98f3f26d6f327251981
    pristine_git_object: 7632ecac5ff4e4f9d04d36d6411e9bf6bface64b
  docs/models/components/attackresourcefile.md:
    id: 316b2a620ac3
    last_write_checksum: sha1:3d749850aba49776b9175a5cf2a016b949c4257b
    pristine_git_object: 2d65424be2e7c2053ce560cc2a9dbeabfb8aa3c5
  docs/models/components/authenticationresponse.md:
    id: 6490fe330fd7
    last_write_checksum: sha1:c55d2c3b448bcfb194a639155d967cf56489fdb8
    pristine_git_object: 5965eea5d1a9e06170e293c3076a20ad47d191a6
  docs/models/components/configurationresponse.md:
    id: d553d6087661
    last_write_checksum: sha1:663ad7eb8ee8248734b8751843f438c5f8ddc667
    pristine_git_object: aa9669b6ba46daa8bcf3c6eba903085e6f512c3d
  docs/models/components/devicestatus.md:
    id: ce5ea9325e9b
    last_write_checksum: sha1:dd499ab8bc0ad79fc373408f2506cf78584d6348
    pristine_git_object: 6445744ebad7b70d3d03ff1efad4f6fd10692886
  docs/models/components/devicetype.md:
    id: 32917de0b6e8
    last_write_checksum: sha1:29c5c04c8b3af7907705159300585af81c87c9b3
    pristine_git_object: 7aa64503ecf51ce5ab39823f679a3510ef5fa40a
  docs/models/components/errormetadata.md:
    id: 3b5edfa1e7ce
    last_write_checksum: sha1:61c3dd77a21567ee5730c6a7c90945704fb95b24
    pristine_git_object: 89d21bb8e6fd03556c67e2a2358129591b585e1b
  docs/models/components/hashcatbenchmark.md:
    id: 653834e4e68d
    last_write_checksum: sha1:506f3f57441155fc522cd6283ec5a6197c55f7fd
    pristine_git_object: d8a2e49ab98f4e55c4593a91e226d8b36e1cef4e
  docs/models/components/hashcatguess.md:
    id: c6077ff79e97
    last_write_checksum: sha1:d897076ff1628828bc9852c5f749926e4c360b4f
    pristine_git_object: 0985a485e59730d5447fab97b688895a20307bc7
  docs/models/components/hashcatresult.md:
    id: 4aa4170018cc
    last_write_checksum: sha1:3750c8f6649c82c7d8c417478cfb4624a280f7f6
    pristine_git_object: d37a4d8c244f16b4750f56fdbbbe99ff81e8333f
  docs/models/components/heartbeatresponse.md:
    id: 0402539ace50
    last_write_checksum: sha1:d1dc673ae21e94aa2d2c13b1095a49c82ed431bc
    pristine_git_object: 0be71dcbd67dbb6f3efa1470fa2b684303ed17ea
  docs/models/components/heartbeatresponsestate.md:
    id: c4eaac4e0ad8
    last_write_checksum: sha1:50de5706476f569dec1df45257744c1bb861dcbd
    pristine_git_object: b22e22f4534398af96b4e9d8ce9e1f3f7ef825fc
  docs/models/components/other.md:
    id: e300848372b2
    last_write_checksum: sha1:62ad4064fc87ff3c14b2046d89a865e9b048acaf
    pristine_git_object: 9cc2e9c105d832bc3cf80dc89717f461b4d89fc4
  docs/models/components/recommendedcircuitbreaker.md:
    id: 41319538a3a5
    last_write_checksum: sha1:9334b5ff8c8a60575e3cfba94d4edc408ff7aa2c
    pristine_git_object: 0f8ca17857450319ab42c2359d630eea7a111398
  docs/models/components/recommendedretry.md:
    id: 0336dccfb38e
    last_write_checksum: sha1:fac10a2ba7e7f0a407983a6b127985367b0bc950
    pristine_git_object: 6903597db65363e29ae49a449ebf73356d3f0a6a
  docs/models/components/recommendedtimeouts.md:
    id: 0362132317ee
    last_write_checksum: sha1:c6b4c97b679d3d398420eb708adb2d441325215f
    pristine_git_object: 2d7cf22af5ce01017277af6c34884619e8e904f5
  docs/models/components/security.md:
    id: 54906b49ea28
    last_write_checksum: sha1:3d20d8f28e0ecfee6550ce09129b5ec06e25c24d
    pristine_git_object: c15c11e5000d4802bfc26a199e249e734ad2b549
  docs/models/components/severity.md:
    id: ca805659d964
    last_write_checksum: sha1:3bc3ad75cb21cbc53b414b29f4e22b069086c40e
    pristine_git_object: 4c73a9910176fde26db024723bce27d49a936cca
  docs/models/components/state.md:
    id: 441de3ea6229
    last_write_checksum: sha1:1f91785ca629b07efe545d0be1038f1903a47a1a
    pristine_git_object: 1a1456775965ca4c32bebc89514f70374753d5d6
  docs/models/components/status.md:
    id: e26b2fe7f53e
    last_write_checksum: sha1:7596f5722469ffd7387e3730cf8a0d54cee707a2
    pristine_git_object: f77e49f4a64e5076bcdc282d77dc2d676e800652
  docs/models/components/submitbenchmarkrequest.md:
    id: c61e280940c7
    last_write_checksum: sha1:0e270083396b933c6f67e790b3750e6adee1e8b0
    pristine_git_object: 0b33ce73ab1fc03d3b703e3d63260337a52ea2bd
  docs/models/components/submiterrorrequest.md:
    id: 25ecb61e32ac
    last_write_checksum: sha1:7c44b0833957e9555d7e099521332127ad2bed4a
    pristine_git_object: 31b5e65cabc6e51330fa6c8df31faaabf95644ed
  docs/models/components/task.md:
    id: 47bce0ba23e1
    last_write_checksum: sha1:fefaf8d2c57b9374ec3be5221cc7d158c5c014b0
    pristine_git_object: f198fc6d5895e56ee4d57c2c498872acc0ab7e47
  docs/models/components/taskabandonresponse.md:
    id: 3c6460e0f391
    last_write_checksum: sha1:e2fbdb422db5cb4f2b50dc775a880828208e8130
    pristine_git_object: c5e0466f56e1ca0f4a2eaf0d56902c5fc8e12282
  docs/models/components/taskstatus.md:
    id: f2f37635af8b
    last_write_checksum: sha1:ecd1d729d137fbe1f080ab3008737be686f78ab5
    pristine_git_object: f847be9f1f4df06152ee1656181a29e6275280b8
  docs/models/components/updateagentrequest.md:
    id: a6c21eb16d2b
    last_write_checksum: sha1:f344248a4853f631b644e033795dd9ac0a7f9aeb
    pristine_git_object: 15e58be8de9ff0b73cbd7c50d368d28c62545131
  docs/models/operations/authenticateresponse.md:
    id: 64bc18740309
    last_write_checksum: sha1:f0a5e9257daa6ece735320e7f445a76093a4049d
    pristine_git_object: ce4a5dd6ab7a1f166d7141a8f618c353a5c613cd
  docs/models/operations/getagentrequest.md:
    id: a4206a636d2b
    last_write_checksum: sha1:052ce629bd1c0a87d4b7f030e6e22b96f61ba2f0
    pristine_git_object: 521963e16550e2f53860543b410500a7ed6cf99e
  docs/models/operations/getagentresponse.md:
    id: 865325ac1d05
    last_write_checksum: sha1:77d6e8393a97de2ea8995ebd20a99454079b42d3
    pristine_git_object: 2da45258567a296c2bef74da8142b6e57541bd0c
  docs/models/operations/getattackrequest.md:
    id: 2e8c606e3418
    last_write_checksum: sha1:c716a3fba7379370fe06c27878b7099196fb2ec5
    pristine_git_object: b093562a053049d1764ef72e06e1f7aaa3255b45
  docs/models/operations/getattackresponse.md:
    id: 73de94655296
    last_write_checksum: sha1:ce6523069ad3bcee817bade64ce8adcc0099c1b0
    pristine_git_object: 7a18e602efaedf4ee56b72934eee86425a4a8e2a
  docs/models/operations/getconfigurationresponse.md:
    id: fb88fe6e1e6d
    last_write_checksum: sha1:eef1eb5c4bac0f7e60af778837ec6ce7a64d8ea1
    pristine_git_object: 892dc13cfd37411c97b310e2902251306e8ec68a
  docs/models/operations/gethashlistrequest.md:
    id: 72d87c5df528
    last_write_checksum: sha1:67794c4a8f02f1b0668eb350a58ace3b36b0ba1b
    pristine_git_object: 7cf5730d88f9f8430d3dd2c84fe633563dd0c97f
  docs/models/operations/gethashlistresponse.md:
    id: 1b127039e686
    last_write_checksum: sha1:5dffb01095269516e5029245a6459a1f3f008be3
    pristine_git_object: d7c6b8958ebcd16c601920557b85a716b75ae802
  docs/models/operations/gethealthresponse.md:
    id: fa06383d6e10
    last_write_checksum: sha1:0b329dccb973a80e53589a78e76f08ca26fccc99
    pristine_git_object: b489d87b17cb13ae373dd43af9a1c6722cb10b72
  docs/models/operations/gethealthresponsebody.md:
    id: 2dbedc41694f
    last_write_checksum: sha1:9cb4322676b186489ac318e454382e8294f172b4
    pristine_git_object: f5d922a00d965f5050727a8e7ccda4d35202f87c
  docs/models/operations/getnewtaskresponse.md:
    id: e4bb0d2fff53
    last_write_checksum: sha1:99d2e951623657ec7a324511b1c8fbb19037da5f
    pristine_git_object: 76a57eeecb128f89f155b5801d36ba7601a1fd8b
  docs/models/operations/gettaskrequest.md:
    id: b9ceac2f451c
    last_write_checksum: sha1:2d1bf284fadfd8a5330629c358f0a5321fcd60d4
    pristine_git_object: ffdf91de1f303f021e78a02aaa1375663d60fc92
  docs/models/operations/gettaskresponse.md:
    id: b4c8e99ea349
    last_write_checksum: sha1:315d813f712432b693b0c1491be39f4d12875d0c
    pristine_git_object: cc112b56b25e7c7b53bfe826adecd4c4393592b5
  docs/models/operations/gettaskzapsrequest.md:
    id: 70624bed9b97
    last_write_checksum: sha1:42ab13d69be06d3eda0c83737c29b8edde24fbd1
    pristine_git_object: 75e97d4979338e69e343e86c5c5f76d9f1345e0a
  docs/models/operations/gettaskzapsresponse.md:
    id: 3787eb5ee99a
    last_write_checksum: sha1:f6922664456f84d38750e0f428bef205a374b357
    pristine_git_object: 7299e06411bb547579419808318c266572d29a4d
  docs/models/operations/option.md:
    id: 2ac1bd52a5fb
    last_write_checksum: sha1:ed8071b92d464e0f289db7ae0b060dac9d0b3b14
    pristine_git_object: 2ac8816d0def9b8fc00242c70b9749427e7ed313
  docs/models/operations/sendcrackrequest.md:
    id: cc94645fbbad
    last_write_checksum: sha1:c145b07bef42caa23606eb2adfdd4157f7ebcf95
    pristine_git_object: 73f1c2fb9d55bfa5aca45f73b7bcf90ce5a09c91
  docs/models/operations/sendcrackresponse.md:
    id: 97a75ccade41
    last_write_checksum: sha1:858869f244f22e7da24372248601eec2b9d702f6
    pristine_git_object: 8b8898589c07a95635045a1f8d6e47af0c77a09d
  docs/models/operations/sendheartbeatrequest.md:
    id: a0a0ca48b45a
    last_write_checksum: sha1:8dde04956c747d1bb7d11558c7d0f746aa0d87c6
    pristine_git_object: 3d5fb990c875a02a0129cc17d93bd9ad8bd28704
  docs/models/operations/sendheartbeatresponse.md:
    id: f69cd56a0730
    last_write_checksum: sha1:eb6f77daee7debfeb26e762dfd994d5de1b4efa8
    pristine_git_object: 1b128ae7f60ebd070d9f589353ac111912e87a12
  docs/models/operations/sendstatusrequest.md:
    id: 6b59b133490d
    last_write_checksum: sha1:7a80f8216fe5fd2821d7ad219a8c9102c28c23e2
    pristine_git_object: 64518c1d08d539c4bde80c075adaf1dd0256ba53
  docs/models/operations/sendstatusresponse.md:
    id: 13a3ec0b70fc
    last_write_checksum: sha1:a162cf5a2a2aae6a86d6c5ca4ac20ce263d2cec9
    pristine_git_object: e1027a38bf30b86d98d37857316212cdce5d2959
  docs/models/operations/setagentshutdownrequest.md:
    id: ec576eb2eb4d
    last_write_checksum: sha1:6586fda53a6bf43e498f8e119eaf9c9b0c88a886
    pristine_git_object: 04d27c1ac305228b1637a8850be54a278ad62913
  docs/models/operations/setagentshutdownresponse.md:
    id: c1a302396463
    last_write_checksum: sha1:fcf287a917ac5c46d03732eb57e5511d7dd1bc23
    pristine_git_object: 625a7025fd0ad3c86562a18eed827151e8723aef
  docs/models/operations/settaskabandonedrequest.md:
    id: 0f71b7eeaa06
    last_write_checksum: sha1:a9658ab14ecea70ec444dff9517a66b02871ca3c
    pristine_git_object: 93b67a9b676063e14b89ba054a537f065f30803c
  docs/models/operations/settaskabandonedresponse.md:
    id: b0441e4ca1af
    last_write_checksum: sha1:51fd13c1322b712680f33d2461e62b34fa7507cb
    pristine_git_object: ce03c67be84243ed7702fe23307ff34501552247
  docs/models/operations/settaskacceptedrequest.md:
    id: 1c54eeb48196
    last_write_checksum: sha1:017e661acfd25cbb71027fbe4d36068898bdb64b
    pristine_git_object: 969b930d5f7e6c50ef0aecff587c65850ac3be11
  docs/models/operations/settaskacceptedresponse.md:
    id: fd3152bcc252
    last_write_checksum: sha1:f833b21e9853f7d2863c9d92adb972b3699c5ff0
    pristine_git_object: 0be810148135e3673aeb9de10c0e4c115387ab28
  docs/models/operations/settaskexhaustedrequest.md:
    id: f019d7e63355
    last_write_checksum: sha1:4c92c339386e1e302f27a69b5d38f51dfad525d8
    pristine_git_object: 48632cb1baf6035100464184dc6ec166ee2f5bcf
  docs/models/operations/settaskexhaustedresponse.md:
    id: a682ea15bed9
    last_write_checksum: sha1:de1e6cf9b0e5cf0a8842a5dc8675b80c4260645c
    pristine_git_object: 8a64f6b8fb68f0bc97e675fb9d4da611ef757094
  docs/models/operations/submitbenchmarkrequest.md:
    id: 276ab9cf086f
    last_write_checksum: sha1:b5ab9720973415272a40b19bf96b8f8ea08f4e27
    pristine_git_object: fa6e7e68b81edb89b3507d4bb7724cb22f51fa5d
  docs/models/operations/submitbenchmarkresponse.md:
    id: fb53d805b53f
    last_write_checksum: sha1:3adb32cc3fd7f7720dea9ed600a95e38f29f39c0
    pristine_git_object: 855f91d076517288bf0e956deb30a783af9e9b87
  docs/models/operations/submiterroragentrequest.md:
    id: 9966f9e177d5
    last_write_checksum: sha1:e73e410b26f39c661876d61b553d64f0ac448756
    pristine_git_object: 03c947d6acff914d7aaed18b48fc296017d7e09b
  docs/models/operations/submiterroragentresponse.md:
    id: 2b400403f4dc
    last_write_checksum: sha1:d8f632774fc012e1c0ac75da64479907667f2cd6
    pristine_git_object: 743dbc931ee0c497e2bb76937aef646542ffdfb5
  docs/models/operations/updateagentrequest.md:
    id: 343c55f3f7d5
    last_write_checksum: sha1:27273b8924e81f4e9136419dab1a753e67f45ae2
    pristine_git_object: 5cf29e0047c4004cc4591fbaf22b67413ab5ff91
  docs/models/operations/updateagentresponse.md:
    id: 33ff92391d3f
    last_write_checksum: sha1:4da728f3151e6a22ae34feccf0f349a2cf318ddb
    pristine_git_object: 8bb8f5954bebe295b170393588b8844352bce25d
  docs/models/sdkerrors/errorobject.md:
    id: 3324e3e4f3fe
    last_write_checksum: sha1:ad3a5aace8d98415bc6333952eced321a5d636b7
    pristine_git_object: 6fe7f031fb72a7983ba8c913b66f4034cb70b6a2
  docs/models/sdkerrors/gethealthresponsebody.md:
    id: e63171a87b60
    last_write_checksum: sha1:fbefb6a895bb3e057b4a22f1e90f90c38461096a
    pristine_git_object: d9fb40a55c6e4bec0d007e0570afd0c325128058
  docs/models/sdkerrors/taskabandonerror.md:
    id: f67336b23ca5
    last_write_checksum: sha1:5737bd975181c77af95ce06067c3de238917e674
    pristine_git_object: 55ad27e1d9e54014d32d9ea18dea2e7f8f93455f
  docs/sdks/agents/README.md:
    id: 5965d8232fd8
    last_write_checksum: sha1:536884ca04ecc06c68b1575c927f2bc50f4f601b
    pristine_git_object: f20c127903711a9001b3ad5e89052157fb067412
  docs/sdks/attacks/README.md:
    id: bdcc5061680f
    last_write_checksum: sha1:e48b55eb13d21da0efb95a3eda22f071699da61e
    pristine_git_object: ddb5d2bbe361dbeaaea15598d541a39c0f19d7a4
  docs/sdks/client/README.md:
    id: 6fb5a6948c65
    last_write_checksum: sha1:da0c1ae96b86966a530e687b5a199924ad7120f6
    pristine_git_object: 98c05be0a3a6863380ffbb5ca7bdadfa0880de3e
  docs/sdks/tasks/README.md:
    id: 939441bde134
    last_write_checksum: sha1:5eeb715f6152b8d0af071950df6bfb975a8b5c38
    pristine_git_object: 73f9fa8528e6b8fc1e9d850589054bf3e6ace21e
  go.mod:
    id: c47645c391ad
    last_write_checksum: sha1:8e695d591bd3a04276c0ea20324c6ed6aaf070ac
    pristine_git_object: ee92c4619a2baa41d31593def8ec54e616dc8ad7
  internal/config/sdkconfiguration.go:
    id: 33b8bfac5265
    last_write_checksum: sha1:b3fbedd3391d0a5c265cd9865a453d14e5289f87
    pristine_git_object: ca394505a495dd0ec98336b6ccb463d0751178de
  internal/hooks/hooks.go:
    id: 336be70ed5c0
    last_write_checksum: sha1:423d692100a98ed37b62bdbcb65a60ba19b4840c
    pristine_git_object: e9f8438c779b52bbe8072398421dce77058f11a3
  internal/utils/contenttype.go:
    id: 928a56fe6755
    last_write_checksum: sha1:ab5cfd860d02c6e6a37f89e2b5649a9859947fb1
    pristine_git_object: f6487e01eb987c0aa49e7aa50b5ff24830314c63
  internal/utils/env.go:
    id: ac8bab30c73d
    last_write_checksum: sha1:1e0bcb2d2caed9f3657f1dbc99b55811bed0298c
    pristine_git_object: 110d464eacf2387b347bad1cb903666354a339e9
  internal/utils/form.go:
    id: 8ea133d76535
    last_write_checksum: sha1:8e52a533d973f21039e83f6bcbced7d5037de09f
    pristine_git_object: 3d7fc0099947bfe241bb5e29e14a5b21d01c2ccc
  internal/utils/headers.go:
    id: 90d4f18d4adf
    last_write_checksum: sha1:cba0ea4bbb7da9e096230de0c3c8074817dc8adf
    pristine_git_object: 290c33e6b61d15942a8c3a56186972f839dc0173
  internal/utils/json.go:
    id: ad03e3c502d8
    last_write_checksum: sha1:9ce465e689dcfdfe65ff34b411fc99677d1cefca
    pristine_git_object: 57d7843b9d3b80e87d06280defe0543db2061bd9
  internal/utils/pathparams.go:
    id: 1f3e0c30fd90
    last_write_checksum: sha1:8eaff3d4466921de0c7618185f1d2a8d0076a9a5
    pristine_git_object: 61671e691d4710e1516d85cc73772d96e42ffbdb
  internal/utils/queryparams.go:
    id: e7f604e65a58
    last_write_checksum: sha1:98ee53bb0232f263e25df27b9ab0acea101bd40c
    pristine_git_object: 50f9df3da93dc9a6a0ef82f0153d47488e4421a4
  internal/utils/requestbody.go:
    id: 22445ec1c044
    last_write_checksum: sha1:a3c24a4db1d77261e97c6b078d2b62e50706936d
    pristine_git_object: a572fe7c8f5ec081964c403a927cae329c922cc0
  internal/utils/retries.go:
    id: b5e011d15c2d
    last_write_checksum: sha1:ba806a120356486733582860ffe8a9607e55d7bb
    pristine_git_object: ab247d5199dc68e95b6964b0c5934d20fab9dec2
  internal/utils/security.go:
    id: eeb54c55241b
    last_write_checksum: sha1:573140faaff017cb3bd31e579c6b3949f3d8365b
    pristine_git_object: 77566aa2c1127569d9de4a1782b58f852d926d0a
  internal/utils/union.go:
    id: db86c85746b6
    last_write_checksum: sha1:b2bace7fbab522b9985d8390804f1a2afc7677c3
    pristine_git_object: c77384f1080291c928d609cff034c959828acee5
  internal/utils/union_test.go:
    id: 4b56247171bd
    last_write_checksum: sha1:83ac73c1901de4c6db90f65cf5879163f3d47a00
    pristine_git_object: f66814c73ace94d8e71d785fd6161fb405745754
  internal/utils/utils.go:
    id: 1133b2a27019
    last_write_checksum: sha1:c03378176a107205b8938606faef3fd8fb8f91a0
    pristine_git_object: a614e37673d3ea81eabc6139236edfb22a15dc55
  models/components/advancedagentconfiguration.go:
    id: 5e81ef617bc1
    last_write_checksum: sha1:549fb59df5e9c066ded2492a6fb2dfad0ee79c82
    pristine_git_object: b2b7331ed89adfb05251c2b21a4abd9c9102a708
  models/components/agent.go:
    id: 0c6730e28980
    last_write_checksum: sha1:5e57db7ee351cc0b9acf6a056582adeedb13e3db
    pristine_git_object: 8974b01c0c0f8223917d9f17926c8a6d3dc53b09
  models/components/agentheartbeatrequest.go:
    id: a4a0561e089c
    last_write_checksum: sha1:e360d1c7c2238473c7a42d6cdaf58cc29b2dc66a
    pristine_git_object: 0403ffc0cf92904798d8b454875b44e703c8a126
  models/components/attack.go:
    id: cf4b0696c915
    last_write_checksum: sha1:2f16eb1f3e63ac5dd11bcac683c09f1f4013844c
    pristine_git_object: 82ad80a6233d229306f7f7aa2f35ae018b0522ee
  models/components/attackresourcefile.go:
    id: 5152a8a23446
    last_write_checksum: sha1:2d01c2b493e8e8b18c769d1a2ea46768fea3046d
    pristine_git_object: 5e2b23872f7601d8c8905743cc9b9ba5eafb4569
  models/components/authenticationresponse.go:
    id: d0a4acc8a253
    last_write_checksum: sha1:2569a037b7f1a6be96c6fa93548e56538a597f11
    pristine_git_object: a60d650de25b1dd2432b764ce62c036c36e44ef2
  models/components/configurationresponse.go:
    id: e67132f96489
    last_write_checksum: sha1:82ab9d04aa0e9f66a75baeff27bbdb1c409c706c
    pristine_git_object: 9f74d5555215d380cbdc91b2f5ac7c7fdf5eb391
  models/components/devicestatus.go:
    id: 8de65a091e60
    last_write_checksum: sha1:df64e40419cb5b4cde9bddb10c09029d3edb6ab0
    pristine_git_object: fef755b91fce5de0a9931ddb75644866b2fb807b
  models/components/errormetadata.go:
    id: 142b04db6152
    last_write_checksum: sha1:528aa568953129a9209ec4ecc6901bb65e1c64d4
    pristine_git_object: 1dc05705c9b0bdedc0e9ee728b608eaf8db16eaa
  models/components/hashcatbenchmark.go:
    id: f8874a82edc8
    last_write_checksum: sha1:72b6c22f718d4ca67b49ddf024ebe8880f29acac
    pristine_git_object: e406923b8b426e8ed50dbc01c2a94a9d8985773a
  models/components/hashcatguess.go:
    id: b9a9dcaa1756
    last_write_checksum: sha1:17c5807a249069d9fc185454be7a289b5c539700
    pristine_git_object: 786f4f857b06c67cc4ddd214da42a36eb952ac61
  models/components/hashcatresult.go:
    id: 1a76df731c96
    last_write_checksum: sha1:08fa1717b11f79af101544ccc2ce3371e45a1b6f
    pristine_git_object: 0c1e2f482012b67e5e6a589ac7a1871952a04da6
  models/components/heartbeatresponse.go:
    id: c6d9b3a0a65a
    last_write_checksum: sha1:767153d50f93539f62f2665e6e467847741be1e4
    pristine_git_object: f1fc8fc61e486ca976178cfb511dd1eebdfcd689
  models/components/security.go:
    id: 3a5eba5fe9e0
    last_write_checksum: sha1:c06e6f757445263aa88e7c47ca7243e7b16f2eb5
    pristine_git_object: 60171d69a14791127de8fea602f9b11a601d2508
  models/components/submitbenchmarkrequest.go:
    id: a6a4593d22b8
    last_write_checksum: sha1:8ef81f69e7839ddff06099e18cb5fa68fe7c29d6
    pristine_git_object: 51fdb0e3f516adf0ed1cd2cadda6c1bcb90de101
  models/components/submiterrorrequest.go:
    id: 04696a1ee2cb
    last_write_checksum: sha1:88897c263814a4be4b20c2eb8efb55f11b4ebb17
    pristine_git_object: 3fcd704538d83fe954ef01c82fb929e2d28a374a
  models/components/task.go:
    id: fc8f0e8efa73
    last_write_checksum: sha1:d31038c7b00053b8d44b82118dd770ba8d4e5a2c
    pristine_git_object: 315a3bf62451248a870e547a4c63d6d75d792582
  models/components/taskabandonresponse.go:
    id: 5a30d66900a4
    last_write_checksum: sha1:5aa0fcbd6133753a3b3b06ef2d9482358fa42f07
    pristine_git_object: 7c7cb046b1208b4dd6824784553c7d4d0e408222
  models/components/taskstatus.go:
    id: 071d5571b8a4
    last_write_checksum: sha1:0c616393cff08dc5c3d1fe1533bf8f0485f0e42a
    pristine_git_object: 8937da1ae9018ea25d80bf153f490c27bc49c68f
  models/components/updateagentrequest.go:
    id: 9e767e306920
    last_write_checksum: sha1:71d87ed33ca81768ed4dcd70cf503dbb60004ee9
    pristine_git_object: 34f09064b888802f7a013adc6f5663875daf5408
  models/operations/authenticate.go:
    id: 59a3d6cc9c59
    last_write_checksum: sha1:d06c67ec2ac4b1e77ee8ee85bb994d21f97ab9e8
    pristine_git_object: dee3a4344654128f51e729ca1db280a4d07b8b43
  models/operations/getagent.go:
    id: 2810c17a0437
    last_write_checksum: sha1:8d99b380bdcc6fc67f0dc42807360744982e858c
    pristine_git_object: 623dd1c384affd2a9cd71a85c4c3fafe123f5374
  models/operations/getattack.go:
    id: c6a02ebdbef9
    last_write_checksum: sha1:56fd3fb8df3a2201199122a74caae6e7541f6e16
    pristine_git_object: 2a6a3f45dde16edcf6f2026631e0242a821614d2
  models/operations/getconfiguration.go:
    id: 808764ffd076
    last_write_checksum: sha1:e85b6056fd8f2abbd01f8c5896ffb34d05116e73
    pristine_git_object: 3a6e2633d8a031bf642ba5f371bc4a6b87ec7177
  models/operations/gethashlist.go:
    id: 64518719d0f2
    last_write_checksum: sha1:1f7f29e20474891c316a8935086d65d5382764f2
    pristine_git_object: 23b8415e8d1c8990c859fe28a1b1bd5561c8f288
  models/operations/gethealth.go:
    id: 215314edcc7b
    last_write_checksum: sha1:1475db18e1210bdd18d872f6aeb926f6f425e0c9
    pristine_git_object: cc380c6e875c84fe8c69522f6426a5bc9c830243
  models/operations/getnewtask.go:
    id: 9857c899a382
    last_write_checksum: sha1:f818b43d382df7f471fc238c111d32ed4d22e305
    pristine_git_object: 20229c9a8e97227985e7a6a1c1c2e8b3dcb6a0b5
  models/operations/gettask.go:
    id: 2ca1a200fe06
    last_write_checksum: sha1:97f826c16c9e9ad9eb1bb1703b72952ff0a15dad
    pristine_git_object: fbaef682fae017ff3633f45e58511ecb06365ebd
  models/operations/gettaskzaps.go:
    id: eee3f7b01667
    last_write_checksum: sha1:82c0e056d2f906dc9eb7a2f9620b3f4bc8a6a51d
    pristine_git_object: b7119099a4edfc49f3ba41e003c063554734e30a
  models/operations/options.go:
    id: d20dd4db9865
    last_write_checksum: sha1:0d3f97d07d0c9813bf32b8037f793365422629e4
    pristine_git_object: d6a4b3a52c89d2ddfa33e0bdad4654012f18e158
  models/operations/sendcrack.go:
    id: c4fd45d2bacd
    last_write_checksum: sha1:b5e153cf89deed15dacf858ee1a8c099fa69ac75
    pristine_git_object: 46e6d386edf3b9ebb663c546152c40d1f2702f86
  models/operations/sendheartbeat.go:
    id: 5151834a3cf5
    last_write_checksum: sha1:38aca3a92dd3aeaa2c49b388b0836fade4b4e903
    pristine_git_object: 7095a2657194a48ea787df8bd7835960c51fbf4e
  models/operations/sendstatus.go:
    id: 19fc91d07546
    last_write_checksum: sha1:49863fd083530ef4af2f1b4b65e6c5a549ca1622
    pristine_git_object: 8cb412249a4dea570c97c8c167eecba04fb5ecad
  models/operations/setagentshutdown.go:
    id: 50cfd49c8a4f
    last_write_checksum: sha1:68634342ff94ec37e399de998292615b0c3ccf1c
    pristine_git_object: 8b467b0f40b14122509b27bd99a9f2e8caf7502e
  models/operations/settaskabandoned.go:
    id: 88201693e0e5
    last_write_checksum: sha1:74320b14c4f9003132b9db52fa5b341983e4ab9d
    pristine_git_object: 22a58367ffc8e39cba61a0090117c6e6ae5f4666
  models/operations/settaskaccepted.go:
    id: 715f17f38f12
    last_write_checksum: sha1:bbd50a6322f9d142b526f5c46c968e86ab388792
    pristine_git_object: 373b2a929fe200e3a182a9cb22faa589b7407946
  models/operations/settaskexhausted.go:
    id: 83a7e5256987
    last_write_checksum: sha1:75bb0e2e971e986fe05341e5e5a1ae0612fe132c
    pristine_git_object: 2a376597accd941da1e488c25a0d74a3aa56c997
  models/operations/submitbenchmark.go:
    id: 20e09dac9d14
    last_write_checksum: sha1:d8c39f407451ef49e985f33685e6ce3c28ea2d82
    pristine_git_object: 3e659f6185838b1ec9f8b5854d351486876f509a
  models/operations/submiterroragent.go:
    id: 8552319a7e99
    last_write_checksum: sha1:7ff12ada7f68106c07529afe8dfc85d086fb03f6
    pristine_git_object: 0d5f4fcfb137f491a1613b569b08d8cd619a7c60
  models/operations/updateagent.go:
    id: 37bda4497e68
    last_write_checksum: sha1:881e200b4e0820f6fcdc7e2c2a17abbd468d04a4
    pristine_git_object: 42496b529c10e62c6fcce0f8bbcb14a4ea48ef93
  models/sdkerrors/errorobject.go:
    id: 8e4890a9303d
    last_write_checksum: sha1:d5618e257d7b2d5a9b107b8244ed3962d623f822
    pristine_git_object: 50e2c9be6ea47dc1f20acef9c53ae668e7207775
  models/sdkerrors/gethealth.go:
    id: ccd90474eea9
    last_write_checksum: sha1:8f92be1958ca2bdd957ff6d641988aac46e5cb36
    pristine_git_object: 27c34e64cec4431d9e4f6f6d10294a36d0ba9402
  models/sdkerrors/sdkerror.go:
    id: 5234765820c9
    last_write_checksum: sha1:f8e33bc95a5dbae17ece60c1a8f7755ce235c133
    pristine_git_object: 7d63b9813d4d5a025a0337b45f42e4b9fb404eeb
  models/sdkerrors/taskabandonerror.go:
    id: 8667d5e4ed98
    last_write_checksum: sha1:4e8d5cb59452fb9c9ef5597d4562f035ec9bd2fd
    pristine_git_object: 7262162ff40830665d3f4f01fc467dcfb635910a
  optionalnullable/optionalnullable.go:
    id: ce60f259ead3
    last_write_checksum: sha1:d6aff1a420c31e025ea21d46cf056e305ae76fe8
    pristine_git_object: c6739be0619b6726565e0f11855ffe44b0e5607e
  optionalnullable/optionalnullable_test.go:
    id: ad67101ebca3
    last_write_checksum: sha1:2e9433eff1651ac77d6678ea76880d9a4980cbc2
    pristine_git_object: e6e5a01c6e721e879e24a38a1f97e3e27d4686d4
  retry/config.go:
    id: 82d673cb0389
    last_write_checksum: sha1:7f7d96b59a18e95bac847ae09c63bbd911ee8432
    pristine_git_object: 5b3dc7c122d8ab08905485342d7474f8f163888d
  tasks.go:
    id: 1367150794ad
    last_write_checksum: sha1:f0cd9c262b26e5cfa500dc2d844cea26d77560a4
    pristine_git_object: e4cc821dd5ffc3623798405a87e46a003d888df9
  types/bigint.go:
    id: 6f911e1a03c3
    last_write_checksum: sha1:49b004005d0461fb04b846eca062b070b0360b31
    pristine_git_object: 9c6a086d51595888a6ff787ebcb8693559afee95
  types/date.go:
    id: 231a623ce1b7
    last_write_checksum: sha1:3036a2e1ed15a1d484c093367eba000c38f384d0
    pristine_git_object: 5b2782f219efe6bfbce46fc2dec68998eb759438
  types/datetime.go:
    id: 5023aac30a47
    last_write_checksum: sha1:196d050af6450669214e9ae4fd28e56263ae2b5d
    pristine_git_object: 3eff332daa04e34cec5ffb10add670bafd8ac454
  types/pointers.go:
    id: 6d0d0a6cb6f3
    last_write_checksum: sha1:fc2275ea006257ba9ba4ff6f2a2cdb6205371eef
    pristine_git_object: 35c439d2661e08fcb6a854096fd7b9a8561b3938
examples:
  getAgent:
    speakeasy-default-get-agent:
      parameters:
        path:
          id: 963394
      responses:
        "200":
          application/json: {"id": 477687, "host_name": "talkative-toaster.com", "client_signature": "<value>", "state": "active", "operating_system": "Windows", "devices": [], "advanced_configuration": {"agent_update_interval": null, "use_native_hashcat": false, "backend_device": "<value>", "enable_additional_hash_types": false}}
        "401":
          application/json: {"error": "<value>"}
  updateAgent:
    speakeasy-default-update-agent:
      parameters:
        path:
          id: 2843
      requestBody:
        application/json: {"id": 2843, "host_name": "nautical-produce.com", "client_signature": "<value>", "operating_system": "BeOS", "devices": ["<value 1>", "<value 2>"]}
      responses:
        "200":
          application/json: {"id": 541491, "host_name": "scared-coal.org", "client_signature": "<value>", "state": "stopped", "operating_system": "Windows Phone", "devices": ["<value 1>", "<value 2>"], "advanced_configuration": {"agent_update_interval": 593725, "use_native_hashcat": false, "backend_device": "<value>", "enable_additional_hash_types": true}}
        "401":
          application/json: {"error": "<value>"}
  sendHeartbeat:
    speakeasy-default-send-heartbeat:
      parameters:
        path:
          id: 379816
      requestBody:
        application/json: {"activity": "cracking"}
      responses:
        "200":
          application/json: {"state": "pending"}
        "401":
          application/json: {"error": "<value>"}
  submitBenchmark:
    speakeasy-default-submit-benchmark:
      parameters:
        path:
          id: 981111
      requestBody:
        application/json: {"hashcat_benchmarks": []}
      responses:
        "400":
          application/json: {"error": "<value>"}
  submitErrorAgent:
    speakeasy-default-submit-error-agent:
      parameters:
        path:
          id: 649742
      requestBody:
        application/json: {"message": "<value>", "severity": "major", "agent_id": 600242}
      responses:
        "401":
          application/json: {"error": "<value>"}
  setAgentShutdown:
    speakeasy-default-set-agent-shutdown:
      parameters:
        path:
          id: 709306
      responses:
        "401":
          application/json: {"error": "<value>"}
  getAttack:
    speakeasy-default-get-attack:
      parameters:
        path:
          id: 426312
      responses:
        "200":
          application/json: {"id": 428304, "attack_mode": "dictionary", "attack_mode_hashcat": 0, "mask": "", "increment_mode": false, "increment_minimum": 923612, "increment_maximum": 339237, "optimized": false, "slow_candidate_generators": false, "workload_profile": 3, "disable_markov": false, "classic_markov": false, "markov_threshold": 0, "left_rule": "", "right_rule": "", "custom_charset_1": "", "custom_charset_2": "", "custom_charset_3": "", "custom_charset_4": "", "hash_list_id": 150083, "hash_mode": 0, "hash_list_url": "https://official-dwell.biz", "hash_list_checksum": "<value>", "url": "https://mediocre-annual.info/"}
        "401":
          application/json: {"error": "<value>"}
  getHashList:
    speakeasy-default-get-hash-list:
      parameters:
        path:
          id: 547552
      responses:
        "200":
          text/plain: "x-file: example.file"
        "401":
          application/json: {"error": "<value>"}
  checkForCrackerUpdate:
    speakeasy-default-check-for-cracker-update:
      responses:
        "200":
          application/json: {"available": false}
        "400":
          application/json: {"error": "<value>"}
  getNewTask:
    speakeasy-default-get-new-task:
      responses:
        "200":
          application/json: {"id": 494799, "attack_id": 926474, "start_date": "2024-11-18T09:42:45.971Z", "status": "exhausted"}
        "401":
          application/json: {"error": "<value>"}
  getTask:
    speakeasy-default-get-task:
      parameters:
        path:
          id: 640281
      responses:
        "200":
          application/json: {"id": 629019, "attack_id": 551644, "start_date": "2026-03-20T03:33:50.692Z", "status": "abandoned"}
        "401":
          application/json: {"error": "<value>"}
  sendCrack:
    speakeasy-default-send-crack:
      parameters:
        path:
          id: 170496
      requestBody:
        application/json: {"timestamp": "2024-07-05T20:43:21.093Z", "hash": "<value>", "plain_text": "<value>"}
      responses:
        "404":
          application/json: {"error": "<value>"}
        "401":
          application/json: {"error": "<value>"}
  sendStatus:
    speakeasy-default-send-status:
      parameters:
        path:
          id: 448338
      requestBody:
        application/json: {"original_line": "<value>", "time": "2026-04-23T23:51:40.894Z", "session": "<value>", "hashcat_guess": {"guess_base": "<value>", "guess_base_count": 795653, "guess_base_offset": 302009, "guess_base_percentage": 169.59, "guess_mod": "<value>", "guess_mod_count": 200306, "guess_mod_offset": 691593, "guess_mod_percentage": 5018.12, "guess_mode": 413091}, "status": 995383, "target": "<value>", "progress": [920457, 49769], "restore_point": 343573, "recovered_hashes": [599902, 745620], "recovered_salts": [524798, 857056], "rejected": 905714, "device_statuses": [{"device_id": 919497, "device_name": "<value>", "device_type": "CPU", "speed": 937286, "utilization": 556052, "temperature": 173236}], "time_start": "2025-04-04T05:12:25.093Z", "estimated_stop": "2026-07-13T12:38:59.112Z"}
      responses:
        "401":
          application/json: {"error": "<value>"}
  setTaskAccepted:
    speakeasy-default-set-task-accepted:
      parameters:
        path:
          id: 34650
      responses:
        "404":
          application/json: {"error": "<value>"}
        "401":
          application/json: {"error": "<value>"}
  setTaskExhausted:
    speakeasy-default-set-task-exhausted:
      parameters:
        path:
          id: 994947
      responses:
        "401":
          application/json: {"error": "<value>"}
  setTaskAbandoned:
    speakeasy-default-set-task-abandoned:
      parameters:
        path:
          id: 878589
      responses:
        "200":
          application/json: {}
        "401":
          application/json: {"error": "<value>"}
        "422":
          application/json: {}
  getTaskZaps:
    speakeasy-default-get-task-zaps:
      parameters:
        path:
          id: 349297
      responses:
        "200":
          text/plain: "x-file: example.file"
        "401":
          application/json: {"error": "<value>"}
  getConfiguration:
    speakeasy-default-get-configuration:
      responses:
        "200":
          application/json: {"config": {"agent_update_interval": 956581, "use_native_hashcat": true, "backend_device": "<value>", "enable_additional_hash_types": true}, "api_version": 270560, "benchmarks_needed": false, "recommended_timeouts": {"connect_timeout": 956581, "read_timeout": 742349, "write_timeout": 295740, "request_timeout": 675100}, "recommended_retry": {"max_attempts": 97809, "initial_delay": 270560, "max_delay": 200004}, "recommended_circuit_breaker": {"failure_threshold": 651180, "timeout": 839329}}
        "401":
          application/json: {"error": "<value>"}
  authenticate:
    speakeasy-default-authenticate:
      responses:
        "200":
          application/json: {"authenticated": false, "agent_id": 115497}
        "401":
          application/json: {"error": "<value>"}
  getHealth:
    speakeasy-default-get-health:
      responses:
        "200":
          application/json: {"status": "<value>", "api_version": 347024, "timestamp": "2024-04-23T17:05:00.339Z", "database": "<value>"}
        "503":
          application/json: {"status": "<value>", "api_version": 485887, "timestamp": "2024-06-21T17:40:08.079Z", "database": "<value>"}
examplesVersion: 1.0.2
generatedTests: {}
releaseNotes: |
  ## Go SDK Changes:
  * `CipherSwarmAgentSdk.Agents.UpdateAgent()`:  `request` **Changed** (Breaking ⚠️)
  * `CipherSwarmAgentSdk.Agents.SendHeartbeat()`:  `request` **Changed** (Breaking ⚠️)
  * `CipherSwarmAgentSdk.Agents.SubmitBenchmark()`:  `request` **Changed** (Breaking ⚠️)
  * `CipherSwarmAgentSdk.Agents.SubmitErrorAgent()`:  `request` **Changed** (Breaking ⚠️)
  * `CipherSwarmAgentSdk.Tasks.GetNewTask()`:  `response.Status` **Changed** (Breaking ⚠️)
  * `CipherSwarmAgentSdk.Tasks.GetTask()`:  `response.Status` **Changed** (Breaking ⚠️)
  * `CipherSwarmAgentSdk.Tasks.SetTaskAbandoned()`:  `error.RawResponse` **Removed** (Breaking ⚠️)
  * `CipherSwarmAgentSdk.Attacks.GetHashList()`:  `error` **Changed**
  * `CipherSwarmAgentSdk.Tasks.SendCrack()`:  `error.status[401]` **Added**
  * `CipherSwarmAgentSdk.Tasks.SetTaskAccepted()`:  `error.status[401]` **Added**
  * `CipherSwarmAgentSdk.Tasks.GetTaskZaps()`:  `error` **Changed**
generatedFiles:
  - .gitattributes
  - /models/components/advancedagentconfiguration.go
  - /models/components/agent.go
  - /models/components/attack.go
  - /models/components/attackresourcefile.go
  - /models/components/crackerupdate.go
  - /models/components/devicestatus.go
  - /models/components/hashcatbenchmark.go
  - /models/components/hashcatguess.go
  - /models/components/hashcatresult.go
  - /models/components/security.go
  - /models/components/task.go
  - /models/components/taskstatus.go
  - /models/operations/authenticate.go
  - /models/operations/checkforcrackerupdate.go
  - /models/operations/getagent.go
  - /models/operations/getattack.go
  - /models/operations/getconfiguration.go
  - /models/operations/gethashlist.go
  - /models/operations/getnewtask.go
  - /models/operations/gettask.go
  - /models/operations/gettaskzaps.go
  - /models/operations/sendcrack.go
  - /models/operations/sendheartbeat.go
  - /models/operations/sendstatus.go
  - /models/operations/setagentshutdown.go
  - /models/operations/settaskabandoned.go
  - /models/operations/settaskaccepted.go
  - /models/operations/settaskexhausted.go
  - /models/operations/submitbenchmark.go
  - /models/operations/submiterroragent.go
  - /models/operations/updateagent.go
  - /models/sdkerrors/errorobject.go
  - /models/sdkerrors/settaskabandoned.go
  - CONTRIBUTING.md
  - USAGE.md
  - agents.go
  - attacks.go
  - cipherswarmagentsdk.go
  - client.go
  - crackers.go
  - docs/models/components/advancedagentconfiguration.md
  - docs/models/components/agent.md
  - docs/models/components/attack.md
  - docs/models/components/attackmode.md
  - docs/models/components/attackresourcefile.md
  - docs/models/components/crackerupdate.md
  - docs/models/components/devicestatus.md
  - docs/models/components/devicetype.md
  - docs/models/components/hashcatbenchmark.md
  - docs/models/components/hashcatguess.md
  - docs/models/components/hashcatresult.md
  - docs/models/components/security.md
  - docs/models/components/state.md
  - docs/models/components/task.md
  - docs/models/components/taskstatus.md
  - docs/models/operations/authenticateresponse.md
  - docs/models/operations/authenticateresponsebody.md
  - docs/models/operations/checkforcrackerupdaterequest.md
  - docs/models/operations/checkforcrackerupdateresponse.md
  - docs/models/operations/getagentrequest.md
  - docs/models/operations/getagentresponse.md
  - docs/models/operations/getattackrequest.md
  - docs/models/operations/getattackresponse.md
  - docs/models/operations/getconfigurationresponse.md
  - docs/models/operations/getconfigurationresponsebody.md
  - docs/models/operations/gethashlistrequest.md
  - docs/models/operations/gethashlistresponse.md
  - docs/models/operations/getnewtaskresponse.md
  - docs/models/operations/gettaskrequest.md
  - docs/models/operations/gettaskresponse.md
  - docs/models/operations/gettaskzapsrequest.md
  - docs/models/operations/gettaskzapsresponse.md
  - docs/models/operations/metadata.md
  - docs/models/operations/option.md
  - docs/models/operations/sendcrackrequest.md
  - docs/models/operations/sendcrackresponse.md
  - docs/models/operations/sendheartbeatrequest.md
  - docs/models/operations/sendheartbeatresponse.md
  - docs/models/operations/sendheartbeatresponsebody.md
  - docs/models/operations/sendstatusrequest.md
  - docs/models/operations/sendstatusresponse.md
  - docs/models/operations/setagentshutdownrequest.md
  - docs/models/operations/setagentshutdownresponse.md
  - docs/models/operations/settaskabandonedrequest.md
  - docs/models/operations/settaskabandonedresponse.md
  - docs/models/operations/settaskacceptedrequest.md
  - docs/models/operations/settaskacceptedresponse.md
  - docs/models/operations/settaskexhaustedrequest.md
  - docs/models/operations/settaskexhaustedresponse.md
  - docs/models/operations/severity.md
  - docs/models/operations/state.md
  - docs/models/operations/submitbenchmarkrequest.md
  - docs/models/operations/submitbenchmarkrequestbody.md
  - docs/models/operations/submitbenchmarkresponse.md
  - docs/models/operations/submiterroragentrequest.md
  - docs/models/operations/submiterroragentrequestbody.md
  - docs/models/operations/submiterroragentresponse.md
  - docs/models/operations/updateagentrequest.md
  - docs/models/operations/updateagentrequestbody.md
  - docs/models/operations/updateagentresponse.md
  - docs/models/sdkerrors/errorobject.md
  - docs/models/sdkerrors/settaskabandonedresponsebody.md
  - docs/sdks/agents/README.md
  - docs/sdks/attacks/README.md
  - docs/sdks/cipherswarmagentsdk/README.md
  - docs/sdks/client/README.md
  - docs/sdks/crackers/README.md
  - docs/sdks/tasks/README.md
  - go.mod
  - internal/hooks/hooks.go
  - internal/utils/contenttype.go
  - internal/utils/form.go
  - internal/utils/headers.go
  - internal/utils/json.go
  - internal/utils/pathparams.go
  - internal/utils/queryparams.go
  - internal/utils/requestbody.go
  - internal/utils/retries.go
  - internal/utils/security.go
  - internal/utils/utils.go
  - models/operations/options.go
  - models/sdkerrors/sdkerror.go
  - retry/config.go
  - tasks.go
  - types/bigint.go
  - types/date.go
  - types/datetime.go
  - types/decimal.go
  - types/pointers.go
