speakeasyVersion: 1.755.0
sources:
    CipherSwarm_agent_api:
        sourceNamespace: cipher-swarm-agent-api
        sourceRevisionDigest: sha256:5f83a992f76a9bf2d293da491b3a954fefb3373a6e5ba674cff33eb6de90de29
        sourceBlobDigest: sha256:5c6e690fa7f059e7c9535a86837debb874ca4b9e8cdfa0aa3e531408a04152a5
        tags:
            - latest
            - "1.3"
targets:
    golang-sdk:
        source: CipherSwarm_agent_api
        sourceNamespace: cipher-swarm-agent-api
        sourceRevisionDigest: sha256:5f83a992f76a9bf2d293da491b3a954fefb3373a6e5ba674cff33eb6de90de29
        sourceBlobDigest: sha256:5c6e690fa7f059e7c9535a86837debb874ca4b9e8cdfa0aa3e531408a04152a5
        codeSamplesNamespace: cipher-swarm-agent-api-go-code-samples
        codeSamplesRevisionDigest: sha256:c2fc3a04665edc548b99afaf59fa2cfcbac50af52663fc20ab9f62f1a5080739
workflow:
    workflowVersion: 1.0.0
    speakeasyVersion: latest
    sources:
        CipherSwarm_agent_api:
            inputs:
                - location: https://raw.githubusercontent.com/unclesp1d3r/CipherSwarm/main/swagger/v1/swagger.json
            registry:
                location: registry.speakeasyapi.dev/evilbitlabs/evilbitlabs/cipher-swarm-agent-api
    targets:
        golang-sdk:
            target: go
            source: CipherSwarm_agent_api
            codeSamples:
                registry:
                    location: registry.speakeasyapi.dev/evilbitlabs/evilbitlabs/cipher-swarm-agent-api-go-code-samples
                labelOverride:
                    fixedValue: Go (SDK)
                blocking: false
