speakeasyVersion: 1.688.0
sources:
    CipherSwarm_agent_api:
        sourceNamespace: cipher-swarm-agent-api
        sourceRevisionDigest: sha256:13c24d079d110a801db37351faf5d847e6987b45c2842e308e3007a473e56168
        sourceBlobDigest: sha256:c6ef6c8b3e113826a97a77ab43489406ca3f2c1f304d83a8bade794d8633acb5
        tags:
            - latest
            - speakeasy-sdk-regen-1768185852
            - "1.3"
targets:
    golang-sdk:
        source: CipherSwarm_agent_api
        sourceNamespace: cipher-swarm-agent-api
        sourceRevisionDigest: sha256:13c24d079d110a801db37351faf5d847e6987b45c2842e308e3007a473e56168
        sourceBlobDigest: sha256:c6ef6c8b3e113826a97a77ab43489406ca3f2c1f304d83a8bade794d8633acb5
        codeSamplesNamespace: cipher-swarm-agent-api-go-code-samples
        codeSamplesRevisionDigest: sha256:ad2feeb5a8a52bf633e4a02d60eb8ad7407fc04be25a56bfcb96f2474db7fa04
workflow:
    workflowVersion: 1.0.0
    speakeasyVersion: latest
    sources:
        CipherSwarm_agent_api:
            inputs:
                - location: https://raw.githubusercontent.com/unclesp1d3r/CipherSwarm/main/swagger/v1/swagger.json
            registry:
                location: registry.speakeasyapi.dev/evilbitlabs/evilbitlabs/cipher-swarm-agent-api
    targets:
        golang-sdk:
            target: go
            source: CipherSwarm_agent_api
            codeSamples:
                registry:
                    location: registry.speakeasyapi.dev/evilbitlabs/evilbitlabs/cipher-swarm-agent-api-go-code-samples
                labelOverride:
                    fixedValue: Go (SDK)
                blocking: false
