speakeasyVersion: 1.761.1
sources:
    CipherSwarm_agent_api:
        sourceNamespace: cipher-swarm-agent-api
        sourceRevisionDigest: sha256:e69bcb07c31f19c6d2821ab5908f3a6bb5d4b7cf0b640d18f4b301b84c69503b
        sourceBlobDigest: sha256:3be5b06d148e0f447749a11183221fed20565497933776282a1b5d1213b087be
        tags:
            - latest
            - "1.3"
targets:
    golang-sdk:
        source: CipherSwarm_agent_api
        sourceNamespace: cipher-swarm-agent-api
        sourceRevisionDigest: sha256:e69bcb07c31f19c6d2821ab5908f3a6bb5d4b7cf0b640d18f4b301b84c69503b
        sourceBlobDigest: sha256:3be5b06d148e0f447749a11183221fed20565497933776282a1b5d1213b087be
        codeSamplesNamespace: cipher-swarm-agent-api-go-code-samples
        codeSamplesRevisionDigest: sha256:694d2c5de28726087b97e5a71c260ac1c6ab81fea9a7ac276cb40f11be2ac42f
workflow:
    workflowVersion: 1.0.0
    speakeasyVersion: latest
    sources:
        CipherSwarm_agent_api:
            inputs:
                - location: https://raw.githubusercontent.com/unclesp1d3r/CipherSwarm/main/swagger/v1/swagger.json
            registry:
                location: registry.speakeasyapi.dev/evilbitlabs/evilbitlabs/cipher-swarm-agent-api
    targets:
        golang-sdk:
            target: go
            source: CipherSwarm_agent_api
            codeSamples:
                registry:
                    location: registry.speakeasyapi.dev/evilbitlabs/evilbitlabs/cipher-swarm-agent-api-go-code-samples
                labelOverride:
                    fixedValue: Go (SDK)
                blocking: false
